// !$*UTF8*$!
{
	archiveVersion = 1;
	classes = {
	};
	objectVersion = 50;
	objects = {

/* Begin PBXBuildFile section */
		6B0A2C62211A200A0047A450 /* AppDelegate.swift in Sources */ = {isa = PBXBuildFile; fileRef = 6B0A2C61211A200A0047A450 /* AppDelegate.swift */; };
		6B0A2C69211A20110047A450 /* Assets.xcassets in Resources */ = {isa = PBXBuildFile; fileRef = 6B0A2C68211A20110047A450 /* Assets.xcassets */; };
		6B0A2C6C211A20110047A450 /* LaunchScreen.storyboard in Resources */ = {isa = PBXBuildFile; fileRef = 6B0A2C6A211A20110047A450 /* LaunchScreen.storyboard */; };
		6B0A2C77211A20110047A450 /* PokerPlanningTests.swift in Sources */ = {isa = PBXBuildFile; fileRef = 6B0A2C76211A20110047A450 /* PokerPlanningTests.swift */; };
		6B0A2C82211A20110047A450 /* PokerPlanningUITests.swift in Sources */ = {isa = PBXBuildFile; fileRef = 6B0A2C81211A20110047A450 /* PokerPlanningUITests.swift */; };
		6B3E7CD4212DA9500042AE85 /* GoogleService-Info.plist in Resources */ = {isa = PBXBuildFile; fileRef = 6B3E7CD3212DA9500042AE85 /* GoogleService-Info.plist */; };
		6B818D6B211F29BD00C9B53D /* LocalStorage.swift in Sources */ = {isa = PBXBuildFile; fileRef = 6B818D6A211F29BD00C9B53D /* LocalStorage.swift */; };
		6B818D6D211F29C800C9B53D /* LocalStorageImpl.swift in Sources */ = {isa = PBXBuildFile; fileRef = 6B818D6C211F29C800C9B53D /* LocalStorageImpl.swift */; };
		6B818D73211F2C2900C9B53D /* LoginView.swift in Sources */ = {isa = PBXBuildFile; fileRef = 6B818D70211F2C2900C9B53D /* LoginView.swift */; };
		6B818D74211F2C2900C9B53D /* LoginViewModel.swift in Sources */ = {isa = PBXBuildFile; fileRef = 6B818D71211F2C2900C9B53D /* LoginViewModel.swift */; };
		6B818D75211F2C2900C9B53D /* LoginView.xib in Resources */ = {isa = PBXBuildFile; fileRef = 6B818D72211F2C2900C9B53D /* LoginView.xib */; };
		6B818D79211F2CA400C9B53D /* MainView.swift in Sources */ = {isa = PBXBuildFile; fileRef = 6B818D76211F2CA400C9B53D /* MainView.swift */; };
		6B818D7A211F2CA400C9B53D /* MainViewModel.swift in Sources */ = {isa = PBXBuildFile; fileRef = 6B818D77211F2CA400C9B53D /* MainViewModel.swift */; };
		6B818D7B211F2CA400C9B53D /* MainView.xib in Resources */ = {isa = PBXBuildFile; fileRef = 6B818D78211F2CA400C9B53D /* MainView.xib */; };
		6B818D7D211F2F2300C9B53D /* MainCoordinator.swift in Sources */ = {isa = PBXBuildFile; fileRef = 6B818D7C211F2F2300C9B53D /* MainCoordinator.swift */; };
		6B830A8B211BA1CA003BFFC3 /* .swiftlint.yml in Resources */ = {isa = PBXBuildFile; fileRef = 6B830A8A211BA1CA003BFFC3 /* .swiftlint.yml */; };
		6B830A90211C71BB003BFFC3 /* Coordinator.swift in Sources */ = {isa = PBXBuildFile; fileRef = 6B830A8F211C71BB003BFFC3 /* Coordinator.swift */; };
		6B830A92211C71CE003BFFC3 /* AppCoordinator.swift in Sources */ = {isa = PBXBuildFile; fileRef = 6B830A91211C71CE003BFFC3 /* AppCoordinator.swift */; };
		6B830A99211C82D0003BFFC3 /* OnboardingView.swift in Sources */ = {isa = PBXBuildFile; fileRef = 6B830A96211C82D0003BFFC3 /* OnboardingView.swift */; };
		6B830A9A211C82D0003BFFC3 /* OnboardingViewModel.swift in Sources */ = {isa = PBXBuildFile; fileRef = 6B830A97211C82D0003BFFC3 /* OnboardingViewModel.swift */; };
		6B830A9B211C82D0003BFFC3 /* OnboardingView.xib in Resources */ = {isa = PBXBuildFile; fileRef = 6B830A98211C82D0003BFFC3 /* OnboardingView.xib */; };
		6B830A9D211C8313003BFFC3 /* DefaultContainer.swift in Sources */ = {isa = PBXBuildFile; fileRef = 6B830A9C211C8313003BFFC3 /* DefaultContainer.swift */; };
		6B830AA1211C87DE003BFFC3 /* DefaultContainer+Views.swift in Sources */ = {isa = PBXBuildFile; fileRef = 6B830AA0211C87DE003BFFC3 /* DefaultContainer+Views.swift */; };
		6B921051212234F300E214FD /* Rx+Utils.swift in Sources */ = {isa = PBXBuildFile; fileRef = 6B921050212234F300E214FD /* Rx+Utils.swift */; };
		6B9210532122390E00E214FD /* NSObject+Rx.swift in Sources */ = {isa = PBXBuildFile; fileRef = 6B9210522122390E00E214FD /* NSObject+Rx.swift */; };
		6ECBCCF1A06AF5F00FB678B0 /* Pods_PokerPlanning.framework in Frameworks */ = {isa = PBXBuildFile; fileRef = 62776643CA07632A9D131E81 /* Pods_PokerPlanning.framework */; };
		AD502E8C21B4892000EEC965 /* PlanningRepository.swift in Sources */ = {isa = PBXBuildFile; fileRef = AD502E8B21B4892000EEC965 /* PlanningRepository.swift */; };
		AD502E8E21B4893100EEC965 /* FirebasePlanningRepository.swift in Sources */ = {isa = PBXBuildFile; fileRef = AD502E8D21B4893100EEC965 /* FirebasePlanningRepository.swift */; };
		AD502E9021B4965800EEC965 /* RxFirestore.swift in Sources */ = {isa = PBXBuildFile; fileRef = AD502E8F21B4965800EEC965 /* RxFirestore.swift */; };
		AD502E9321B498A300EEC965 /* SessionRoom.swift in Sources */ = {isa = PBXBuildFile; fileRef = AD502E9221B498A300EEC965 /* SessionRoom.swift */; };
		AD502E9521B4B5AF00EEC965 /* Task.swift in Sources */ = {isa = PBXBuildFile; fileRef = AD502E9421B4B5AF00EEC965 /* Task.swift */; };
		AD502E9A21B4C2F000EEC965 /* UsernameView.swift in Sources */ = {isa = PBXBuildFile; fileRef = AD502E9721B4C2F000EEC965 /* UsernameView.swift */; };
		AD502E9B21B4C2F000EEC965 /* UsernameViewModel.swift in Sources */ = {isa = PBXBuildFile; fileRef = AD502E9821B4C2F000EEC965 /* UsernameViewModel.swift */; };
		AD502E9C21B4C2F000EEC965 /* UsernameView.xib in Resources */ = {isa = PBXBuildFile; fileRef = AD502E9921B4C2F000EEC965 /* UsernameView.xib */; };
		AD502E9E21B4C8A400EEC965 /* UIViewController+Alert.swift in Sources */ = {isa = PBXBuildFile; fileRef = AD502E9D21B4C8A400EEC965 /* UIViewController+Alert.swift */; };
		AD502EA321B4CACA00EEC965 /* EnterRoomView.swift in Sources */ = {isa = PBXBuildFile; fileRef = AD502EA021B4CACA00EEC965 /* EnterRoomView.swift */; };
		AD502EA421B4CACA00EEC965 /* EnterRoomViewModel.swift in Sources */ = {isa = PBXBuildFile; fileRef = AD502EA121B4CACA00EEC965 /* EnterRoomViewModel.swift */; };
		AD502EA521B4CACA00EEC965 /* EnterRoomView.xib in Resources */ = {isa = PBXBuildFile; fileRef = AD502EA221B4CACA00EEC965 /* EnterRoomView.xib */; };
		AD502EAA21B4DB1900EEC965 /* SessionRoomView.swift in Sources */ = {isa = PBXBuildFile; fileRef = AD502EA721B4DB1900EEC965 /* SessionRoomView.swift */; };
		AD502EAB21B4DB1900EEC965 /* SessionRoomViewModel.swift in Sources */ = {isa = PBXBuildFile; fileRef = AD502EA821B4DB1900EEC965 /* SessionRoomViewModel.swift */; };
		AD502EAC21B4DB1900EEC965 /* SessionRoomView.xib in Resources */ = {isa = PBXBuildFile; fileRef = AD502EA921B4DB1900EEC965 /* SessionRoomView.xib */; };
		AD502EAF21B4DB5400EEC965 /* CloudTagView.swift in Sources */ = {isa = PBXBuildFile; fileRef = AD502EAE21B4DB5400EEC965 /* CloudTagView.swift */; };
		AD502EB121B4DB5A00EEC965 /* LoadingView.swift in Sources */ = {isa = PBXBuildFile; fileRef = AD502EB021B4DB5A00EEC965 /* LoadingView.swift */; };
		AD502EB321B4DB6200EEC965 /* ToastView.swift in Sources */ = {isa = PBXBuildFile; fileRef = AD502EB221B4DB6200EEC965 /* ToastView.swift */; };
		AD502EB521B4DDB500EEC965 /* UIView+Constraints.swift in Sources */ = {isa = PBXBuildFile; fileRef = AD502EB421B4DDB500EEC965 /* UIView+Constraints.swift */; };
		AD502EB721B4DF1400EEC965 /* Colors.swift in Sources */ = {isa = PBXBuildFile; fileRef = AD502EB621B4DF1400EEC965 /* Colors.swift */; };
		AD502EBC21B4E1E300EEC965 /* NewTaskView.swift in Sources */ = {isa = PBXBuildFile; fileRef = AD502EB921B4E1E300EEC965 /* NewTaskView.swift */; };
		AD502EBD21B4E1E300EEC965 /* NewTaskViewModel.swift in Sources */ = {isa = PBXBuildFile; fileRef = AD502EBA21B4E1E300EEC965 /* NewTaskViewModel.swift */; };
		AD502EBE21B4E1E300EEC965 /* NewTaskView.xib in Resources */ = {isa = PBXBuildFile; fileRef = AD502EBB21B4E1E300EEC965 /* NewTaskView.xib */; };
		AD502EC321B4EA1800EEC965 /* VotingTaskView.swift in Sources */ = {isa = PBXBuildFile; fileRef = AD502EC021B4EA1800EEC965 /* VotingTaskView.swift */; };
		AD502EC421B4EA1800EEC965 /* VotingTaskViewModel.swift in Sources */ = {isa = PBXBuildFile; fileRef = AD502EC121B4EA1800EEC965 /* VotingTaskViewModel.swift */; };
		AD502EC521B4EA1800EEC965 /* VotingTaskView.xib in Resources */ = {isa = PBXBuildFile; fileRef = AD502EC221B4EA1800EEC965 /* VotingTaskView.xib */; };
		AD502EC721B54C5600EEC965 /* OrangeButton.swift in Sources */ = {isa = PBXBuildFile; fileRef = AD502EC621B54C5600EEC965 /* OrangeButton.swift */; };
		AD502EC921B54CE600EEC965 /* UIView+Gradient.swift in Sources */ = {isa = PBXBuildFile; fileRef = AD502EC821B54CE600EEC965 /* UIView+Gradient.swift */; };
		AD502ECB21B54F7A00EEC965 /* OrangeTextField.swift in Sources */ = {isa = PBXBuildFile; fileRef = AD502ECA21B54F7A00EEC965 /* OrangeTextField.swift */; };
		AD502ECD21B5535100EEC965 /* CustomNavigationController.swift in Sources */ = {isa = PBXBuildFile; fileRef = AD502ECC21B5535100EEC965 /* CustomNavigationController.swift */; };
		AD502ED021B5E93500EEC965 /* VotingButton.swift in Sources */ = {isa = PBXBuildFile; fileRef = AD502ECF21B5E93500EEC965 /* VotingButton.swift */; };
		ADC3E4B821B6151200FFB922 /* SessionCell.swift in Sources */ = {isa = PBXBuildFile; fileRef = ADC3E4B621B6151200FFB922 /* SessionCell.swift */; };
		ADC3E4B921B6151200FFB922 /* SessionCell.xib in Resources */ = {isa = PBXBuildFile; fileRef = ADC3E4B721B6151200FFB922 /* SessionCell.xib */; };
		ADC3E4BB21B6156300FFB922 /* MaterialCardView.swift in Sources */ = {isa = PBXBuildFile; fileRef = ADC3E4BA21B6156300FFB922 /* MaterialCardView.swift */; };
		ADC3E4BF21B61A9F00FFB922 /* TaskCell.swift in Sources */ = {isa = PBXBuildFile; fileRef = ADC3E4BD21B61A9F00FFB922 /* TaskCell.swift */; };
		ADC3E4C021B61A9F00FFB922 /* TaskCell.xib in Resources */ = {isa = PBXBuildFile; fileRef = ADC3E4BE21B61A9F00FFB922 /* TaskCell.xib */; };
		ADC3E4C421B61DB100FFB922 /* VoteCell.swift in Sources */ = {isa = PBXBuildFile; fileRef = ADC3E4C221B61DB100FFB922 /* VoteCell.swift */; };
		ADC3E4C521B61DB100FFB922 /* VoteCell.xib in Resources */ = {isa = PBXBuildFile; fileRef = ADC3E4C321B61DB100FFB922 /* VoteCell.xib */; };
/* End PBXBuildFile section */

/* Begin PBXContainerItemProxy section */
		6B0A2C73211A20110047A450 /* PBXContainerItemProxy */ = {
			isa = PBXContainerItemProxy;
			containerPortal = 6B0A2C56211A20090047A450 /* Project object */;
			proxyType = 1;
			remoteGlobalIDString = 6B0A2C5D211A200A0047A450;
			remoteInfo = PokerPlanning;
		};
		6B0A2C7E211A20110047A450 /* PBXContainerItemProxy */ = {
			isa = PBXContainerItemProxy;
			containerPortal = 6B0A2C56211A20090047A450 /* Project object */;
			proxyType = 1;
			remoteGlobalIDString = 6B0A2C5D211A200A0047A450;
			remoteInfo = PokerPlanning;
		};
/* End PBXContainerItemProxy section */

/* Begin PBXFileReference section */
		0E70E372A4CBC6122C17DB45 /* Pods_PokerPlanningTests.framework */ = {isa = PBXFileReference; explicitFileType = wrapper.framework; includeInIndex = 0; path = Pods_PokerPlanningTests.framework; sourceTree = BUILT_PRODUCTS_DIR; };
		4CC73DA4DE40EEAECAC5DCEF /* Pods-PokerPlanning.debug.xcconfig */ = {isa = PBXFileReference; includeInIndex = 1; lastKnownFileType = text.xcconfig; name = "Pods-PokerPlanning.debug.xcconfig"; path = "Pods/Target Support Files/Pods-PokerPlanning/Pods-PokerPlanning.debug.xcconfig"; sourceTree = "<group>"; };
		62776643CA07632A9D131E81 /* Pods_PokerPlanning.framework */ = {isa = PBXFileReference; explicitFileType = wrapper.framework; includeInIndex = 0; path = Pods_PokerPlanning.framework; sourceTree = BUILT_PRODUCTS_DIR; };
		6B0A2C5E211A200A0047A450 /* PokerPlanning.app */ = {isa = PBXFileReference; explicitFileType = wrapper.application; includeInIndex = 0; path = PokerPlanning.app; sourceTree = BUILT_PRODUCTS_DIR; };
		6B0A2C61211A200A0047A450 /* AppDelegate.swift */ = {isa = PBXFileReference; lastKnownFileType = sourcecode.swift; path = AppDelegate.swift; sourceTree = "<group>"; };
		6B0A2C68211A20110047A450 /* Assets.xcassets */ = {isa = PBXFileReference; lastKnownFileType = folder.assetcatalog; path = Assets.xcassets; sourceTree = "<group>"; };
		6B0A2C6B211A20110047A450 /* Base */ = {isa = PBXFileReference; lastKnownFileType = file.storyboard; name = Base; path = Base.lproj/LaunchScreen.storyboard; sourceTree = "<group>"; };
		6B0A2C6D211A20110047A450 /* Info.plist */ = {isa = PBXFileReference; lastKnownFileType = text.plist.xml; path = Info.plist; sourceTree = "<group>"; };
		6B0A2C72211A20110047A450 /* PokerPlanningTests.xctest */ = {isa = PBXFileReference; explicitFileType = wrapper.cfbundle; includeInIndex = 0; path = PokerPlanningTests.xctest; sourceTree = BUILT_PRODUCTS_DIR; };
		6B0A2C76211A20110047A450 /* PokerPlanningTests.swift */ = {isa = PBXFileReference; lastKnownFileType = sourcecode.swift; path = PokerPlanningTests.swift; sourceTree = "<group>"; };
		6B0A2C78211A20110047A450 /* Info.plist */ = {isa = PBXFileReference; lastKnownFileType = text.plist.xml; path = Info.plist; sourceTree = "<group>"; };
		6B0A2C7D211A20110047A450 /* PokerPlanningUITests.xctest */ = {isa = PBXFileReference; explicitFileType = wrapper.cfbundle; includeInIndex = 0; path = PokerPlanningUITests.xctest; sourceTree = BUILT_PRODUCTS_DIR; };
		6B0A2C81211A20110047A450 /* PokerPlanningUITests.swift */ = {isa = PBXFileReference; lastKnownFileType = sourcecode.swift; path = PokerPlanningUITests.swift; sourceTree = "<group>"; };
		6B0A2C83211A20110047A450 /* Info.plist */ = {isa = PBXFileReference; lastKnownFileType = text.plist.xml; path = Info.plist; sourceTree = "<group>"; };
		6B3E7CD3212DA9500042AE85 /* GoogleService-Info.plist */ = {isa = PBXFileReference; fileEncoding = 4; lastKnownFileType = text.plist.xml; name = "GoogleService-Info.plist"; path = "PokerPlanning/GoogleService-Info.plist"; sourceTree = SOURCE_ROOT; };
		6B818D6A211F29BD00C9B53D /* LocalStorage.swift */ = {isa = PBXFileReference; lastKnownFileType = sourcecode.swift; path = LocalStorage.swift; sourceTree = "<group>"; };
		6B818D6C211F29C800C9B53D /* LocalStorageImpl.swift */ = {isa = PBXFileReference; lastKnownFileType = sourcecode.swift; path = LocalStorageImpl.swift; sourceTree = "<group>"; };
		6B818D70211F2C2900C9B53D /* LoginView.swift */ = {isa = PBXFileReference; lastKnownFileType = sourcecode.swift; path = LoginView.swift; sourceTree = "<group>"; };
		6B818D71211F2C2900C9B53D /* LoginViewModel.swift */ = {isa = PBXFileReference; lastKnownFileType = sourcecode.swift; path = LoginViewModel.swift; sourceTree = "<group>"; };
		6B818D72211F2C2900C9B53D /* LoginView.xib */ = {isa = PBXFileReference; lastKnownFileType = file.xib; path = LoginView.xib; sourceTree = "<group>"; };
		6B818D76211F2CA400C9B53D /* MainView.swift */ = {isa = PBXFileReference; lastKnownFileType = sourcecode.swift; path = MainView.swift; sourceTree = "<group>"; };
		6B818D77211F2CA400C9B53D /* MainViewModel.swift */ = {isa = PBXFileReference; lastKnownFileType = sourcecode.swift; path = MainViewModel.swift; sourceTree = "<group>"; };
		6B818D78211F2CA400C9B53D /* MainView.xib */ = {isa = PBXFileReference; lastKnownFileType = file.xib; path = MainView.xib; sourceTree = "<group>"; };
		6B818D7C211F2F2300C9B53D /* MainCoordinator.swift */ = {isa = PBXFileReference; lastKnownFileType = sourcecode.swift; path = MainCoordinator.swift; sourceTree = "<group>"; };
		6B830A8A211BA1CA003BFFC3 /* .swiftlint.yml */ = {isa = PBXFileReference; fileEncoding = 4; lastKnownFileType = text; path = .swiftlint.yml; sourceTree = "<group>"; };
		6B830A8F211C71BB003BFFC3 /* Coordinator.swift */ = {isa = PBXFileReference; lastKnownFileType = sourcecode.swift; path = Coordinator.swift; sourceTree = "<group>"; };
		6B830A91211C71CE003BFFC3 /* AppCoordinator.swift */ = {isa = PBXFileReference; lastKnownFileType = sourcecode.swift; path = AppCoordinator.swift; sourceTree = "<group>"; };
		6B830A96211C82D0003BFFC3 /* OnboardingView.swift */ = {isa = PBXFileReference; lastKnownFileType = sourcecode.swift; path = OnboardingView.swift; sourceTree = "<group>"; };
		6B830A97211C82D0003BFFC3 /* OnboardingViewModel.swift */ = {isa = PBXFileReference; lastKnownFileType = sourcecode.swift; path = OnboardingViewModel.swift; sourceTree = "<group>"; };
		6B830A98211C82D0003BFFC3 /* OnboardingView.xib */ = {isa = PBXFileReference; lastKnownFileType = file.xib; path = OnboardingView.xib; sourceTree = "<group>"; };
		6B830A9C211C8313003BFFC3 /* DefaultContainer.swift */ = {isa = PBXFileReference; lastKnownFileType = sourcecode.swift; path = DefaultContainer.swift; sourceTree = "<group>"; };
		6B830AA0211C87DE003BFFC3 /* DefaultContainer+Views.swift */ = {isa = PBXFileReference; lastKnownFileType = sourcecode.swift; path = "DefaultContainer+Views.swift"; sourceTree = "<group>"; };
		6B921050212234F300E214FD /* Rx+Utils.swift */ = {isa = PBXFileReference; lastKnownFileType = sourcecode.swift; path = "Rx+Utils.swift"; sourceTree = "<group>"; };
		6B9210522122390E00E214FD /* NSObject+Rx.swift */ = {isa = PBXFileReference; lastKnownFileType = sourcecode.swift; path = "NSObject+Rx.swift"; sourceTree = "<group>"; };
		AD502E8B21B4892000EEC965 /* PlanningRepository.swift */ = {isa = PBXFileReference; lastKnownFileType = sourcecode.swift; path = PlanningRepository.swift; sourceTree = "<group>"; };
		AD502E8D21B4893100EEC965 /* FirebasePlanningRepository.swift */ = {isa = PBXFileReference; lastKnownFileType = sourcecode.swift; path = FirebasePlanningRepository.swift; sourceTree = "<group>"; };
		AD502E8F21B4965800EEC965 /* RxFirestore.swift */ = {isa = PBXFileReference; fileEncoding = 4; lastKnownFileType = sourcecode.swift; path = RxFirestore.swift; sourceTree = "<group>"; };
		AD502E9221B498A300EEC965 /* SessionRoom.swift */ = {isa = PBXFileReference; lastKnownFileType = sourcecode.swift; path = SessionRoom.swift; sourceTree = "<group>"; };
		AD502E9421B4B5AF00EEC965 /* Task.swift */ = {isa = PBXFileReference; lastKnownFileType = sourcecode.swift; path = Task.swift; sourceTree = "<group>"; };
		AD502E9721B4C2F000EEC965 /* UsernameView.swift */ = {isa = PBXFileReference; lastKnownFileType = sourcecode.swift; path = UsernameView.swift; sourceTree = "<group>"; };
		AD502E9821B4C2F000EEC965 /* UsernameViewModel.swift */ = {isa = PBXFileReference; lastKnownFileType = sourcecode.swift; path = UsernameViewModel.swift; sourceTree = "<group>"; };
		AD502E9921B4C2F000EEC965 /* UsernameView.xib */ = {isa = PBXFileReference; lastKnownFileType = file.xib; path = UsernameView.xib; sourceTree = "<group>"; };
		AD502E9D21B4C8A400EEC965 /* UIViewController+Alert.swift */ = {isa = PBXFileReference; lastKnownFileType = sourcecode.swift; path = "UIViewController+Alert.swift"; sourceTree = "<group>"; };
		AD502EA021B4CACA00EEC965 /* EnterRoomView.swift */ = {isa = PBXFileReference; lastKnownFileType = sourcecode.swift; path = EnterRoomView.swift; sourceTree = "<group>"; };
		AD502EA121B4CACA00EEC965 /* EnterRoomViewModel.swift */ = {isa = PBXFileReference; lastKnownFileType = sourcecode.swift; path = EnterRoomViewModel.swift; sourceTree = "<group>"; };
		AD502EA221B4CACA00EEC965 /* EnterRoomView.xib */ = {isa = PBXFileReference; lastKnownFileType = file.xib; path = EnterRoomView.xib; sourceTree = "<group>"; };
		AD502EA721B4DB1900EEC965 /* SessionRoomView.swift */ = {isa = PBXFileReference; lastKnownFileType = sourcecode.swift; path = SessionRoomView.swift; sourceTree = "<group>"; };
		AD502EA821B4DB1900EEC965 /* SessionRoomViewModel.swift */ = {isa = PBXFileReference; lastKnownFileType = sourcecode.swift; path = SessionRoomViewModel.swift; sourceTree = "<group>"; };
		AD502EA921B4DB1900EEC965 /* SessionRoomView.xib */ = {isa = PBXFileReference; lastKnownFileType = file.xib; path = SessionRoomView.xib; sourceTree = "<group>"; };
		AD502EAE21B4DB5400EEC965 /* CloudTagView.swift */ = {isa = PBXFileReference; fileEncoding = 4; lastKnownFileType = sourcecode.swift; path = CloudTagView.swift; sourceTree = "<group>"; };
		AD502EB021B4DB5A00EEC965 /* LoadingView.swift */ = {isa = PBXFileReference; fileEncoding = 4; lastKnownFileType = sourcecode.swift; path = LoadingView.swift; sourceTree = "<group>"; };
		AD502EB221B4DB6200EEC965 /* ToastView.swift */ = {isa = PBXFileReference; fileEncoding = 4; lastKnownFileType = sourcecode.swift; path = ToastView.swift; sourceTree = "<group>"; };
		AD502EB421B4DDB500EEC965 /* UIView+Constraints.swift */ = {isa = PBXFileReference; fileEncoding = 4; lastKnownFileType = sourcecode.swift; path = "UIView+Constraints.swift"; sourceTree = "<group>"; };
		AD502EB621B4DF1400EEC965 /* Colors.swift */ = {isa = PBXFileReference; lastKnownFileType = sourcecode.swift; path = Colors.swift; sourceTree = "<group>"; };
		AD502EB921B4E1E300EEC965 /* NewTaskView.swift */ = {isa = PBXFileReference; lastKnownFileType = sourcecode.swift; path = NewTaskView.swift; sourceTree = "<group>"; };
		AD502EBA21B4E1E300EEC965 /* NewTaskViewModel.swift */ = {isa = PBXFileReference; lastKnownFileType = sourcecode.swift; path = NewTaskViewModel.swift; sourceTree = "<group>"; };
		AD502EBB21B4E1E300EEC965 /* NewTaskView.xib */ = {isa = PBXFileReference; lastKnownFileType = file.xib; path = NewTaskView.xib; sourceTree = "<group>"; };
		AD502EC021B4EA1800EEC965 /* VotingTaskView.swift */ = {isa = PBXFileReference; lastKnownFileType = sourcecode.swift; path = VotingTaskView.swift; sourceTree = "<group>"; };
		AD502EC121B4EA1800EEC965 /* VotingTaskViewModel.swift */ = {isa = PBXFileReference; lastKnownFileType = sourcecode.swift; path = VotingTaskViewModel.swift; sourceTree = "<group>"; };
		AD502EC221B4EA1800EEC965 /* VotingTaskView.xib */ = {isa = PBXFileReference; lastKnownFileType = file.xib; path = VotingTaskView.xib; sourceTree = "<group>"; };
		AD502EC621B54C5600EEC965 /* OrangeButton.swift */ = {isa = PBXFileReference; lastKnownFileType = sourcecode.swift; path = OrangeButton.swift; sourceTree = "<group>"; };
		AD502EC821B54CE600EEC965 /* UIView+Gradient.swift */ = {isa = PBXFileReference; lastKnownFileType = sourcecode.swift; path = "UIView+Gradient.swift"; sourceTree = "<group>"; };
		AD502ECA21B54F7A00EEC965 /* OrangeTextField.swift */ = {isa = PBXFileReference; lastKnownFileType = sourcecode.swift; path = OrangeTextField.swift; sourceTree = "<group>"; };
		AD502ECC21B5535100EEC965 /* CustomNavigationController.swift */ = {isa = PBXFileReference; lastKnownFileType = sourcecode.swift; path = CustomNavigationController.swift; sourceTree = "<group>"; };
		AD502ECE21B5B3C300EEC965 /* PokerPlanning.entitlements */ = {isa = PBXFileReference; lastKnownFileType = text.plist.entitlements; path = PokerPlanning.entitlements; sourceTree = "<group>"; };
		AD502ECF21B5E93500EEC965 /* VotingButton.swift */ = {isa = PBXFileReference; lastKnownFileType = sourcecode.swift; path = VotingButton.swift; sourceTree = "<group>"; };
		ADC3E4B621B6151200FFB922 /* SessionCell.swift */ = {isa = PBXFileReference; lastKnownFileType = sourcecode.swift; path = SessionCell.swift; sourceTree = "<group>"; };
		ADC3E4B721B6151200FFB922 /* SessionCell.xib */ = {isa = PBXFileReference; lastKnownFileType = file.xib; path = SessionCell.xib; sourceTree = "<group>"; };
		ADC3E4BA21B6156300FFB922 /* MaterialCardView.swift */ = {isa = PBXFileReference; fileEncoding = 4; lastKnownFileType = sourcecode.swift; path = MaterialCardView.swift; sourceTree = "<group>"; };
		ADC3E4BD21B61A9F00FFB922 /* TaskCell.swift */ = {isa = PBXFileReference; lastKnownFileType = sourcecode.swift; path = TaskCell.swift; sourceTree = "<group>"; };
		ADC3E4BE21B61A9F00FFB922 /* TaskCell.xib */ = {isa = PBXFileReference; lastKnownFileType = file.xib; path = TaskCell.xib; sourceTree = "<group>"; };
		ADC3E4C221B61DB100FFB922 /* VoteCell.swift */ = {isa = PBXFileReference; lastKnownFileType = sourcecode.swift; path = VoteCell.swift; sourceTree = "<group>"; };
		ADC3E4C321B61DB100FFB922 /* VoteCell.xib */ = {isa = PBXFileReference; lastKnownFileType = file.xib; path = VoteCell.xib; sourceTree = "<group>"; };
		B3BBB82BC6ABEE0BE030FDE6 /* Pods-PokerPlanning.release.xcconfig */ = {isa = PBXFileReference; includeInIndex = 1; lastKnownFileType = text.xcconfig; name = "Pods-PokerPlanning.release.xcconfig"; path = "Pods/Target Support Files/Pods-PokerPlanning/Pods-PokerPlanning.release.xcconfig"; sourceTree = "<group>"; };
/* End PBXFileReference section */

/* Begin PBXFrameworksBuildPhase section */
		6B0A2C5B211A200A0047A450 /* Frameworks */ = {
			isa = PBXFrameworksBuildPhase;
			buildActionMask = 2147483647;
			files = (
				6ECBCCF1A06AF5F00FB678B0 /* Pods_PokerPlanning.framework in Frameworks */,
			);
			runOnlyForDeploymentPostprocessing = 0;
		};
		6B0A2C6F211A20110047A450 /* Frameworks */ = {
			isa = PBXFrameworksBuildPhase;
			buildActionMask = 2147483647;
			files = (
			);
			runOnlyForDeploymentPostprocessing = 0;
		};
		6B0A2C7A211A20110047A450 /* Frameworks */ = {
			isa = PBXFrameworksBuildPhase;
			buildActionMask = 2147483647;
			files = (
			);
			runOnlyForDeploymentPostprocessing = 0;
		};
/* End PBXFrameworksBuildPhase section */

/* Begin PBXGroup section */
		187B9C24EC49598E97C0C3B3 /* Pods */ = {
			isa = PBXGroup;
			children = (
				4CC73DA4DE40EEAECAC5DCEF /* Pods-PokerPlanning.debug.xcconfig */,
				B3BBB82BC6ABEE0BE030FDE6 /* Pods-PokerPlanning.release.xcconfig */,
			);
			name = Pods;
			sourceTree = "<group>";
		};
		670367FCDE2FFA0C6FCD93BD /* Frameworks */ = {
			isa = PBXGroup;
			children = (
				62776643CA07632A9D131E81 /* Pods_PokerPlanning.framework */,
				0E70E372A4CBC6122C17DB45 /* Pods_PokerPlanningTests.framework */,
			);
			name = Frameworks;
			sourceTree = "<group>";
		};
		6B0A2C55211A20090047A450 = {
			isa = PBXGroup;
			children = (
				6B830A8A211BA1CA003BFFC3 /* .swiftlint.yml */,
				6B0A2C60211A200A0047A450 /* PokerPlanning */,
				6B0A2C75211A20110047A450 /* PokerPlanningTests */,
				6B0A2C80211A20110047A450 /* PokerPlanningUITests */,
				6B0A2C5F211A200A0047A450 /* Products */,
				187B9C24EC49598E97C0C3B3 /* Pods */,
				670367FCDE2FFA0C6FCD93BD /* Frameworks */,
			);
			sourceTree = "<group>";
		};
		6B0A2C5F211A200A0047A450 /* Products */ = {
			isa = PBXGroup;
			children = (
				6B0A2C5E211A200A0047A450 /* PokerPlanning.app */,
				6B0A2C72211A20110047A450 /* PokerPlanningTests.xctest */,
				6B0A2C7D211A20110047A450 /* PokerPlanningUITests.xctest */,
			);
			name = Products;
			sourceTree = "<group>";
		};
		6B0A2C60211A200A0047A450 /* PokerPlanning */ = {
			isa = PBXGroup;
			children = (
				AD502ECE21B5B3C300EEC965 /* PokerPlanning.entitlements */,
				AD502E9121B4988900EEC965 /* Model */,
				AD502E8A21B488F200EEC965 /* Repository */,
				6B0A2C8F211A334B0047A450 /* Coordinator */,
				6B0A2C99211A338E0047A450 /* Storage */,
				6B0A2C96211A33780047A450 /* RxExtensions */,
				6B0A2C95211A33700047A450 /* Resources */,
				6B0A2C92211A335E0047A450 /* Modules */,
				6B0A2C90211A33500047A450 /* Container */,
				6B0A2C61211A200A0047A450 /* AppDelegate.swift */,
				6B0A2C6A211A20110047A450 /* LaunchScreen.storyboard */,
				6B0A2C6D211A20110047A450 /* Info.plist */,
			);
			path = PokerPlanning;
			sourceTree = "<group>";
		};
		6B0A2C75211A20110047A450 /* PokerPlanningTests */ = {
			isa = PBXGroup;
			children = (
				6B0A2C76211A20110047A450 /* PokerPlanningTests.swift */,
				6B0A2C78211A20110047A450 /* Info.plist */,
			);
			path = PokerPlanningTests;
			sourceTree = "<group>";
		};
		6B0A2C80211A20110047A450 /* PokerPlanningUITests */ = {
			isa = PBXGroup;
			children = (
				6B0A2C81211A20110047A450 /* PokerPlanningUITests.swift */,
				6B0A2C83211A20110047A450 /* Info.plist */,
			);
			path = PokerPlanningUITests;
			sourceTree = "<group>";
		};
		6B0A2C8F211A334B0047A450 /* Coordinator */ = {
			isa = PBXGroup;
			children = (
				6B830A8F211C71BB003BFFC3 /* Coordinator.swift */,
				6B830A91211C71CE003BFFC3 /* AppCoordinator.swift */,
				6B818D7C211F2F2300C9B53D /* MainCoordinator.swift */,
			);
			path = Coordinator;
			sourceTree = "<group>";
		};
		6B0A2C90211A33500047A450 /* Container */ = {
			isa = PBXGroup;
			children = (
				6B830A9C211C8313003BFFC3 /* DefaultContainer.swift */,
				6B830AA0211C87DE003BFFC3 /* DefaultContainer+Views.swift */,
			);
			path = Container;
			sourceTree = "<group>";
		};
		6B0A2C92211A335E0047A450 /* Modules */ = {
			isa = PBXGroup;
			children = (
				AD502EBF21B4EA0600EEC965 /* VotingTask */,
				AD502EB821B4E1CB00EEC965 /* NewTask */,
				AD502EAD21B4DB4B00EEC965 /* Components */,
				AD502EA621B4DB0400EEC965 /* SesionRoom */,
				AD502E9F21B4CAA200EEC965 /* EnterRoom */,
				AD502E9621B4C2D600EEC965 /* Username */,
				6B818D6F211F2AF700C9B53D /* Login */,
				6B818D6E211F2AF100C9B53D /* Main */,
				6B830A95211C82A6003BFFC3 /* Onboarding */,
			);
			path = Modules;
			sourceTree = "<group>";
		};
		6B0A2C95211A33700047A450 /* Resources */ = {
			isa = PBXGroup;
			children = (
				6B0A2C68211A20110047A450 /* Assets.xcassets */,
				6B3E7CD3212DA9500042AE85 /* GoogleService-Info.plist */,
				AD502EB621B4DF1400EEC965 /* Colors.swift */,
			);
			name = Resources;
			path = "New Group";
			sourceTree = "<group>";
		};
		6B0A2C96211A33780047A450 /* RxExtensions */ = {
			isa = PBXGroup;
			children = (
				AD502E8F21B4965800EEC965 /* RxFirestore.swift */,
				6B921050212234F300E214FD /* Rx+Utils.swift */,
				6B9210522122390E00E214FD /* NSObject+Rx.swift */,
				AD502E9D21B4C8A400EEC965 /* UIViewController+Alert.swift */,
				AD502EC821B54CE600EEC965 /* UIView+Gradient.swift */,
			);
			path = RxExtensions;
			sourceTree = "<group>";
		};
		6B0A2C99211A338E0047A450 /* Storage */ = {
			isa = PBXGroup;
			children = (
				6B818D6A211F29BD00C9B53D /* LocalStorage.swift */,
				6B818D6C211F29C800C9B53D /* LocalStorageImpl.swift */,
			);
			path = Storage;
			sourceTree = "<group>";
		};
		6B818D6E211F2AF100C9B53D /* Main */ = {
			isa = PBXGroup;
			children = (
				6B818D76211F2CA400C9B53D /* MainView.swift */,
				6B818D77211F2CA400C9B53D /* MainViewModel.swift */,
				6B818D78211F2CA400C9B53D /* MainView.xib */,
			);
			path = Main;
			sourceTree = "<group>";
		};
		6B818D6F211F2AF700C9B53D /* Login */ = {
			isa = PBXGroup;
			children = (
				6B818D70211F2C2900C9B53D /* LoginView.swift */,
				6B818D71211F2C2900C9B53D /* LoginViewModel.swift */,
				6B818D72211F2C2900C9B53D /* LoginView.xib */,
			);
			path = Login;
			sourceTree = "<group>";
		};
		6B830A95211C82A6003BFFC3 /* Onboarding */ = {
			isa = PBXGroup;
			children = (
				6B830A96211C82D0003BFFC3 /* OnboardingView.swift */,
				6B830A97211C82D0003BFFC3 /* OnboardingViewModel.swift */,
				6B830A98211C82D0003BFFC3 /* OnboardingView.xib */,
			);
			path = Onboarding;
			sourceTree = "<group>";
		};
		AD502E8A21B488F200EEC965 /* Repository */ = {
			isa = PBXGroup;
			children = (
				AD502E8B21B4892000EEC965 /* PlanningRepository.swift */,
				AD502E8D21B4893100EEC965 /* FirebasePlanningRepository.swift */,
			);
			path = Repository;
			sourceTree = "<group>";
		};
		AD502E9121B4988900EEC965 /* Model */ = {
			isa = PBXGroup;
			children = (
				AD502E9221B498A300EEC965 /* SessionRoom.swift */,
				AD502E9421B4B5AF00EEC965 /* Task.swift */,
			);
			path = Model;
			sourceTree = "<group>";
		};
		AD502E9621B4C2D600EEC965 /* Username */ = {
			isa = PBXGroup;
			children = (
				AD502E9721B4C2F000EEC965 /* UsernameView.swift */,
				AD502E9821B4C2F000EEC965 /* UsernameViewModel.swift */,
				AD502E9921B4C2F000EEC965 /* UsernameView.xib */,
			);
			path = Username;
			sourceTree = "<group>";
		};
		AD502E9F21B4CAA200EEC965 /* EnterRoom */ = {
			isa = PBXGroup;
			children = (
				ADC3E4B521B6144100FFB922 /* SessionCell */,
				AD502EA021B4CACA00EEC965 /* EnterRoomView.swift */,
				AD502EA121B4CACA00EEC965 /* EnterRoomViewModel.swift */,
				AD502EA221B4CACA00EEC965 /* EnterRoomView.xib */,
			);
			path = EnterRoom;
			sourceTree = "<group>";
		};
		AD502EA621B4DB0400EEC965 /* SesionRoom */ = {
			isa = PBXGroup;
			children = (
				ADC3E4BC21B61A8A00FFB922 /* TaskCell */,
				AD502EA721B4DB1900EEC965 /* SessionRoomView.swift */,
				AD502EA821B4DB1900EEC965 /* SessionRoomViewModel.swift */,
				AD502EA921B4DB1900EEC965 /* SessionRoomView.xib */,
			);
			path = SesionRoom;
			sourceTree = "<group>";
		};
		AD502EAD21B4DB4B00EEC965 /* Components */ = {
			isa = PBXGroup;
			children = (
				ADC3E4BA21B6156300FFB922 /* MaterialCardView.swift */,
				AD502EAE21B4DB5400EEC965 /* CloudTagView.swift */,
				AD502EB221B4DB6200EEC965 /* ToastView.swift */,
				AD502EB421B4DDB500EEC965 /* UIView+Constraints.swift */,
				AD502EB021B4DB5A00EEC965 /* LoadingView.swift */,
				AD502EC621B54C5600EEC965 /* OrangeButton.swift */,
				AD502ECA21B54F7A00EEC965 /* OrangeTextField.swift */,
				AD502ECC21B5535100EEC965 /* CustomNavigationController.swift */,
				AD502ECF21B5E93500EEC965 /* VotingButton.swift */,
			);
			path = Components;
			sourceTree = "<group>";
		};
		AD502EB821B4E1CB00EEC965 /* NewTask */ = {
			isa = PBXGroup;
			children = (
				AD502EB921B4E1E300EEC965 /* NewTaskView.swift */,
				AD502EBA21B4E1E300EEC965 /* NewTaskViewModel.swift */,
				AD502EBB21B4E1E300EEC965 /* NewTaskView.xib */,
			);
			path = NewTask;
			sourceTree = "<group>";
		};
		AD502EBF21B4EA0600EEC965 /* VotingTask */ = {
			isa = PBXGroup;
			children = (
				ADC3E4C121B61D9300FFB922 /* VoteCell */,
				AD502EC021B4EA1800EEC965 /* VotingTaskView.swift */,
				AD502EC121B4EA1800EEC965 /* VotingTaskViewModel.swift */,
				AD502EC221B4EA1800EEC965 /* VotingTaskView.xib */,
			);
			path = VotingTask;
			sourceTree = "<group>";
		};
		ADC3E4B521B6144100FFB922 /* SessionCell */ = {
			isa = PBXGroup;
			children = (
				ADC3E4B621B6151200FFB922 /* SessionCell.swift */,
				ADC3E4B721B6151200FFB922 /* SessionCell.xib */,
			);
			path = SessionCell;
			sourceTree = "<group>";
		};
		ADC3E4BC21B61A8A00FFB922 /* TaskCell */ = {
			isa = PBXGroup;
			children = (
				ADC3E4BD21B61A9F00FFB922 /* TaskCell.swift */,
				ADC3E4BE21B61A9F00FFB922 /* TaskCell.xib */,
			);
			path = TaskCell;
			sourceTree = "<group>";
		};
		ADC3E4C121B61D9300FFB922 /* VoteCell */ = {
			isa = PBXGroup;
			children = (
				ADC3E4C221B61DB100FFB922 /* VoteCell.swift */,
				ADC3E4C321B61DB100FFB922 /* VoteCell.xib */,
			);
			path = VoteCell;
			sourceTree = "<group>";
		};
/* End PBXGroup section */

/* Begin PBXNativeTarget section */
		6B0A2C5D211A200A0047A450 /* PokerPlanning */ = {
			isa = PBXNativeTarget;
			buildConfigurationList = 6B0A2C86211A20110047A450 /* Build configuration list for PBXNativeTarget "PokerPlanning" */;
			buildPhases = (
				1C3F55DA448E08BFB19DFCA1 /* [CP] Check Pods Manifest.lock */,
				6B0A2C5A211A200A0047A450 /* Sources */,
				6B0A2C5B211A200A0047A450 /* Frameworks */,
				6B0A2C5C211A200A0047A450 /* Resources */,
				873CFD61C3CDF282E0EB76D5 /* [CP] Embed Pods Frameworks */,
				6B830A89211B9F77003BFFC3 /* Swift Lint */,
				3CF852AE1540FC6C22A6594E /* [CP] Copy Pods Resources */,
			);
			buildRules = (
			);
			dependencies = (
			);
			name = PokerPlanning;
			productName = PokerPlanning;
			productReference = 6B0A2C5E211A200A0047A450 /* PokerPlanning.app */;
			productType = "com.apple.product-type.application";
		};
		6B0A2C71211A20110047A450 /* PokerPlanningTests */ = {
			isa = PBXNativeTarget;
			buildConfigurationList = 6B0A2C89211A20110047A450 /* Build configuration list for PBXNativeTarget "PokerPlanningTests" */;
			buildPhases = (
				6B0A2C6E211A20110047A450 /* Sources */,
				6B0A2C6F211A20110047A450 /* Frameworks */,
				6B0A2C70211A20110047A450 /* Resources */,
			);
			buildRules = (
			);
			dependencies = (
				6B0A2C74211A20110047A450 /* PBXTargetDependency */,
			);
			name = PokerPlanningTests;
			productName = PokerPlanningTests;
			productReference = 6B0A2C72211A20110047A450 /* PokerPlanningTests.xctest */;
			productType = "com.apple.product-type.bundle.unit-test";
		};
		6B0A2C7C211A20110047A450 /* PokerPlanningUITests */ = {
			isa = PBXNativeTarget;
			buildConfigurationList = 6B0A2C8C211A20110047A450 /* Build configuration list for PBXNativeTarget "PokerPlanningUITests" */;
			buildPhases = (
				6B0A2C79211A20110047A450 /* Sources */,
				6B0A2C7A211A20110047A450 /* Frameworks */,
				6B0A2C7B211A20110047A450 /* Resources */,
			);
			buildRules = (
			);
			dependencies = (
				6B0A2C7F211A20110047A450 /* PBXTargetDependency */,
			);
			name = PokerPlanningUITests;
			productName = PokerPlanningUITests;
			productReference = 6B0A2C7D211A20110047A450 /* PokerPlanningUITests.xctest */;
			productType = "com.apple.product-type.bundle.ui-testing";
		};
/* End PBXNativeTarget section */

/* Begin PBXProject section */
		6B0A2C56211A20090047A450 /* Project object */ = {
			isa = PBXProject;
			attributes = {
				LastSwiftUpdateCheck = 0940;
				LastUpgradeCheck = 0940;
				ORGANIZATIONNAME = "Aline Borges";
				TargetAttributes = {
					6B0A2C5D211A200A0047A450 = {
						CreatedOnToolsVersion = 9.4.1;
						SystemCapabilities = {
							com.apple.Push = {
								enabled = 1;
							};
						};
					};
					6B0A2C71211A20110047A450 = {
						CreatedOnToolsVersion = 9.4.1;
						TestTargetID = 6B0A2C5D211A200A0047A450;
					};
					6B0A2C7C211A20110047A450 = {
						CreatedOnToolsVersion = 9.4.1;
						TestTargetID = 6B0A2C5D211A200A0047A450;
					};
				};
			};
			buildConfigurationList = 6B0A2C59211A20090047A450 /* Build configuration list for PBXProject "PokerPlanning" */;
			compatibilityVersion = "Xcode 9.3";
			developmentRegion = en;
			hasScannedForEncodings = 0;
			knownRegions = (
				en,
				Base,
			);
			mainGroup = 6B0A2C55211A20090047A450;
			productRefGroup = 6B0A2C5F211A200A0047A450 /* Products */;
			projectDirPath = "";
			projectRoot = "";
			targets = (
				6B0A2C5D211A200A0047A450 /* PokerPlanning */,
				6B0A2C71211A20110047A450 /* PokerPlanningTests */,
				6B0A2C7C211A20110047A450 /* PokerPlanningUITests */,
			);
		};
/* End PBXProject section */

/* Begin PBXResourcesBuildPhase section */
		6B0A2C5C211A200A0047A450 /* Resources */ = {
			isa = PBXResourcesBuildPhase;
			buildActionMask = 2147483647;
			files = (
				AD502EC521B4EA1800EEC965 /* VotingTaskView.xib in Resources */,
				AD502EA521B4CACA00EEC965 /* EnterRoomView.xib in Resources */,
				ADC3E4C021B61A9F00FFB922 /* TaskCell.xib in Resources */,
				AD502EBE21B4E1E300EEC965 /* NewTaskView.xib in Resources */,
				6B830A8B211BA1CA003BFFC3 /* .swiftlint.yml in Resources */,
				AD502EAC21B4DB1900EEC965 /* SessionRoomView.xib in Resources */,
				6B830A9B211C82D0003BFFC3 /* OnboardingView.xib in Resources */,
				ADC3E4B921B6151200FFB922 /* SessionCell.xib in Resources */,
				6B0A2C6C211A20110047A450 /* LaunchScreen.storyboard in Resources */,
				ADC3E4C521B61DB100FFB922 /* VoteCell.xib in Resources */,
				6B818D7B211F2CA400C9B53D /* MainView.xib in Resources */,
				AD502E9C21B4C2F000EEC965 /* UsernameView.xib in Resources */,
				6B818D75211F2C2900C9B53D /* LoginView.xib in Resources */,
				6B0A2C69211A20110047A450 /* Assets.xcassets in Resources */,
				6B3E7CD4212DA9500042AE85 /* GoogleService-Info.plist in Resources */,
			);
			runOnlyForDeploymentPostprocessing = 0;
		};
		6B0A2C70211A20110047A450 /* Resources */ = {
			isa = PBXResourcesBuildPhase;
			buildActionMask = 2147483647;
			files = (
			);
			runOnlyForDeploymentPostprocessing = 0;
		};
		6B0A2C7B211A20110047A450 /* Resources */ = {
			isa = PBXResourcesBuildPhase;
			buildActionMask = 2147483647;
			files = (
			);
			runOnlyForDeploymentPostprocessing = 0;
		};
/* End PBXResourcesBuildPhase section */

/* Begin PBXShellScriptBuildPhase section */
		1C3F55DA448E08BFB19DFCA1 /* [CP] Check Pods Manifest.lock */ = {
			isa = PBXShellScriptBuildPhase;
			buildActionMask = 2147483647;
			files = (
			);
			inputPaths = (
				"${PODS_PODFILE_DIR_PATH}/Podfile.lock",
				"${PODS_ROOT}/Manifest.lock",
			);
			name = "[CP] Check Pods Manifest.lock";
			outputPaths = (
				"$(DERIVED_FILE_DIR)/Pods-PokerPlanning-checkManifestLockResult.txt",
			);
			runOnlyForDeploymentPostprocessing = 0;
			shellPath = /bin/sh;
			shellScript = "diff \"${PODS_PODFILE_DIR_PATH}/Podfile.lock\" \"${PODS_ROOT}/Manifest.lock\" > /dev/null\nif [ $? != 0 ] ; then\n    # print error to STDERR\n    echo \"error: The sandbox is not in sync with the Podfile.lock. Run 'pod install' or update your CocoaPods installation.\" >&2\n    exit 1\nfi\n# This output is used by Xcode 'outputs' to avoid re-running this script phase.\necho \"SUCCESS\" > \"${SCRIPT_OUTPUT_FILE_0}\"\n";
			showEnvVarsInLog = 0;
		};
		3CF852AE1540FC6C22A6594E /* [CP] Copy Pods Resources */ = {
			isa = PBXShellScriptBuildPhase;
			buildActionMask = 2147483647;
			files = (
			);
			inputFileListPaths = (
			);
			inputPaths = (
				"${SRCROOT}/Pods/Target Support Files/Pods-PokerPlanning/Pods-PokerPlanning-resources.sh",
				"${PODS_CONFIGURATION_BUILD_DIR}/FirebaseFirestore/gRPCCertificates.bundle",
			);
			name = "[CP] Copy Pods Resources";
			outputFileListPaths = (
			);
			outputPaths = (
				"${TARGET_BUILD_DIR}/${UNLOCALIZED_RESOURCES_FOLDER_PATH}/gRPCCertificates.bundle",
			);
			runOnlyForDeploymentPostprocessing = 0;
			shellPath = /bin/sh;
			shellScript = "\"${SRCROOT}/Pods/Target Support Files/Pods-PokerPlanning/Pods-PokerPlanning-resources.sh\"\n";
			showEnvVarsInLog = 0;
		};
		6B830A89211B9F77003BFFC3 /* Swift Lint */ = {
			isa = PBXShellScriptBuildPhase;
			buildActionMask = 2147483647;
			files = (
			);
			inputPaths = (
			);
			name = "Swift Lint";
			outputPaths = (
			);
			runOnlyForDeploymentPostprocessing = 0;
			shellPath = /bin/sh;
			shellScript = "\"${PODS_ROOT}/SwiftLint/swiftlint\"\n";
		};
		873CFD61C3CDF282E0EB76D5 /* [CP] Embed Pods Frameworks */ = {
			isa = PBXShellScriptBuildPhase;
			buildActionMask = 2147483647;
			files = (
			);
			inputPaths = (
				"${SRCROOT}/Pods/Target Support Files/Pods-PokerPlanning/Pods-PokerPlanning-frameworks.sh",
				"${BUILT_PRODUCTS_DIR}/BoringSSL/openssl.framework",
				"${BUILT_PRODUCTS_DIR}/GTMSessionFetcher/GTMSessionFetcher.framework",
				"${BUILT_PRODUCTS_DIR}/GoogleUtilities/GoogleUtilities.framework",
				"${BUILT_PRODUCTS_DIR}/Protobuf/Protobuf.framework",
				"${BUILT_PRODUCTS_DIR}/Reusable/Reusable.framework",
				"${BUILT_PRODUCTS_DIR}/RxAtomic/RxAtomic.framework",
				"${BUILT_PRODUCTS_DIR}/RxCocoa/RxCocoa.framework",
				"${BUILT_PRODUCTS_DIR}/RxSwift/RxSwift.framework",
				"${BUILT_PRODUCTS_DIR}/RxSwiftExt/RxSwiftExt.framework",
				"${BUILT_PRODUCTS_DIR}/RxSwiftUtilities/RxSwiftUtilities.framework",
				"${BUILT_PRODUCTS_DIR}/Swinject/Swinject.framework",
				"${BUILT_PRODUCTS_DIR}/gRPC-C++/grpcpp.framework",
				"${BUILT_PRODUCTS_DIR}/gRPC-Core/grpc.framework",
				"${BUILT_PRODUCTS_DIR}/leveldb-library/leveldb.framework",
				"${BUILT_PRODUCTS_DIR}/nanopb/nanopb.framework",
			);
			name = "[CP] Embed Pods Frameworks";
			outputPaths = (
				"${TARGET_BUILD_DIR}/${FRAMEWORKS_FOLDER_PATH}/openssl.framework",
				"${TARGET_BUILD_DIR}/${FRAMEWORKS_FOLDER_PATH}/GTMSessionFetcher.framework",
				"${TARGET_BUILD_DIR}/${FRAMEWORKS_FOLDER_PATH}/GoogleUtilities.framework",
				"${TARGET_BUILD_DIR}/${FRAMEWORKS_FOLDER_PATH}/Protobuf.framework",
				"${TARGET_BUILD_DIR}/${FRAMEWORKS_FOLDER_PATH}/Reusable.framework",
				"${TARGET_BUILD_DIR}/${FRAMEWORKS_FOLDER_PATH}/RxAtomic.framework",
				"${TARGET_BUILD_DIR}/${FRAMEWORKS_FOLDER_PATH}/RxCocoa.framework",
				"${TARGET_BUILD_DIR}/${FRAMEWORKS_FOLDER_PATH}/RxSwift.framework",
				"${TARGET_BUILD_DIR}/${FRAMEWORKS_FOLDER_PATH}/RxSwiftExt.framework",
				"${TARGET_BUILD_DIR}/${FRAMEWORKS_FOLDER_PATH}/RxSwiftUtilities.framework",
				"${TARGET_BUILD_DIR}/${FRAMEWORKS_FOLDER_PATH}/Swinject.framework",
				"${TARGET_BUILD_DIR}/${FRAMEWORKS_FOLDER_PATH}/grpcpp.framework",
				"${TARGET_BUILD_DIR}/${FRAMEWORKS_FOLDER_PATH}/grpc.framework",
				"${TARGET_BUILD_DIR}/${FRAMEWORKS_FOLDER_PATH}/leveldb.framework",
				"${TARGET_BUILD_DIR}/${FRAMEWORKS_FOLDER_PATH}/nanopb.framework",
			);
			runOnlyForDeploymentPostprocessing = 0;
			shellPath = /bin/sh;
			shellScript = "\"${SRCROOT}/Pods/Target Support Files/Pods-PokerPlanning/Pods-PokerPlanning-frameworks.sh\"\n";
			showEnvVarsInLog = 0;
		};
/* End PBXShellScriptBuildPhase section */

/* Begin PBXSourcesBuildPhase section */
		6B0A2C5A211A200A0047A450 /* Sources */ = {
			isa = PBXSourcesBuildPhase;
			buildActionMask = 2147483647;
			files = (
				AD502ED021B5E93500EEC965 /* VotingButton.swift in Sources */,
				AD502EBD21B4E1E300EEC965 /* NewTaskViewModel.swift in Sources */,
				6B830A92211C71CE003BFFC3 /* AppCoordinator.swift in Sources */,
				AD502EB721B4DF1400EEC965 /* Colors.swift in Sources */,
				AD502EC421B4EA1800EEC965 /* VotingTaskViewModel.swift in Sources */,
				6B921051212234F300E214FD /* Rx+Utils.swift in Sources */,
				AD502EB321B4DB6200EEC965 /* ToastView.swift in Sources */,
				AD502E8C21B4892000EEC965 /* PlanningRepository.swift in Sources */,
				AD502EAA21B4DB1900EEC965 /* SessionRoomView.swift in Sources */,
				6B818D79211F2CA400C9B53D /* MainView.swift in Sources */,
				AD502EA421B4CACA00EEC965 /* EnterRoomViewModel.swift in Sources */,
				ADC3E4C421B61DB100FFB922 /* VoteCell.swift in Sources */,
				6B818D6B211F29BD00C9B53D /* LocalStorage.swift in Sources */,
				6B830A9A211C82D0003BFFC3 /* OnboardingViewModel.swift in Sources */,
				6B818D7A211F2CA400C9B53D /* MainViewModel.swift in Sources */,
				AD502ECD21B5535100EEC965 /* CustomNavigationController.swift in Sources */,
				ADC3E4B821B6151200FFB922 /* SessionCell.swift in Sources */,
				AD502ECB21B54F7A00EEC965 /* OrangeTextField.swift in Sources */,
				6B830AA1211C87DE003BFFC3 /* DefaultContainer+Views.swift in Sources */,
				AD502EBC21B4E1E300EEC965 /* NewTaskView.swift in Sources */,
				AD502E8E21B4893100EEC965 /* FirebasePlanningRepository.swift in Sources */,
				AD502E9321B498A300EEC965 /* SessionRoom.swift in Sources */,
				AD502E9A21B4C2F000EEC965 /* UsernameView.swift in Sources */,
				6B0A2C62211A200A0047A450 /* AppDelegate.swift in Sources */,
				AD502EC921B54CE600EEC965 /* UIView+Gradient.swift in Sources */,
				AD502EB521B4DDB500EEC965 /* UIView+Constraints.swift in Sources */,
				AD502EAB21B4DB1900EEC965 /* SessionRoomViewModel.swift in Sources */,
				6B818D73211F2C2900C9B53D /* LoginView.swift in Sources */,
				AD502E9021B4965800EEC965 /* RxFirestore.swift in Sources */,
				6B818D7D211F2F2300C9B53D /* MainCoordinator.swift in Sources */,
				AD502E9E21B4C8A400EEC965 /* UIViewController+Alert.swift in Sources */,
				AD502EC721B54C5600EEC965 /* OrangeButton.swift in Sources */,
				6B830A9D211C8313003BFFC3 /* DefaultContainer.swift in Sources */,
				AD502E9B21B4C2F000EEC965 /* UsernameViewModel.swift in Sources */,
				6B818D74211F2C2900C9B53D /* LoginViewModel.swift in Sources */,
				ADC3E4BF21B61A9F00FFB922 /* TaskCell.swift in Sources */,
				6B818D6D211F29C800C9B53D /* LocalStorageImpl.swift in Sources */,
				AD502EC321B4EA1800EEC965 /* VotingTaskView.swift in Sources */,
				AD502EB121B4DB5A00EEC965 /* LoadingView.swift in Sources */,
				AD502EA321B4CACA00EEC965 /* EnterRoomView.swift in Sources */,
				6B830A90211C71BB003BFFC3 /* Coordinator.swift in Sources */,
				AD502EAF21B4DB5400EEC965 /* CloudTagView.swift in Sources */,
				6B830A99211C82D0003BFFC3 /* OnboardingView.swift in Sources */,
				ADC3E4BB21B6156300FFB922 /* MaterialCardView.swift in Sources */,
				AD502E9521B4B5AF00EEC965 /* Task.swift in Sources */,
				6B9210532122390E00E214FD /* NSObject+Rx.swift in Sources */,
			);
			runOnlyForDeploymentPostprocessing = 0;
		};
		6B0A2C6E211A20110047A450 /* Sources */ = {
			isa = PBXSourcesBuildPhase;
			buildActionMask = 2147483647;
			files = (
				6B0A2C77211A20110047A450 /* PokerPlanningTests.swift in Sources */,
			);
			runOnlyForDeploymentPostprocessing = 0;
		};
		6B0A2C79211A20110047A450 /* Sources */ = {
			isa = PBXSourcesBuildPhase;
			buildActionMask = 2147483647;
			files = (
				6B0A2C82211A20110047A450 /* PokerPlanningUITests.swift in Sources */,
			);
			runOnlyForDeploymentPostprocessing = 0;
		};
/* End PBXSourcesBuildPhase section */

/* Begin PBXTargetDependency section */
		6B0A2C74211A20110047A450 /* PBXTargetDependency */ = {
			isa = PBXTargetDependency;
			target = 6B0A2C5D211A200A0047A450 /* PokerPlanning */;
			targetProxy = 6B0A2C73211A20110047A450 /* PBXContainerItemProxy */;
		};
		6B0A2C7F211A20110047A450 /* PBXTargetDependency */ = {
			isa = PBXTargetDependency;
			target = 6B0A2C5D211A200A0047A450 /* PokerPlanning */;
			targetProxy = 6B0A2C7E211A20110047A450 /* PBXContainerItemProxy */;
		};
/* End PBXTargetDependency section */

/* Begin PBXVariantGroup section */
		6B0A2C6A211A20110047A450 /* LaunchScreen.storyboard */ = {
			isa = PBXVariantGroup;
			children = (
				6B0A2C6B211A20110047A450 /* Base */,
			);
			name = LaunchScreen.storyboard;
			sourceTree = "<group>";
		};
/* End PBXVariantGroup section */

/* Begin XCBuildConfiguration section */
		6B0A2C84211A20110047A450 /* Debug */ = {
			isa = XCBuildConfiguration;
			buildSettings = {
				ALWAYS_SEARCH_USER_PATHS = NO;
				CLANG_ANALYZER_NONNULL = YES;
				CLANG_ANALYZER_NUMBER_OBJECT_CONVERSION = YES_AGGRESSIVE;
				CLANG_CXX_LANGUAGE_STANDARD = "gnu++14";
				CLANG_CXX_LIBRARY = "libc++";
				CLANG_ENABLE_MODULES = YES;
				CLANG_ENABLE_OBJC_ARC = YES;
				CLANG_ENABLE_OBJC_WEAK = YES;
				CLANG_WARN_BLOCK_CAPTURE_AUTORELEASING = YES;
				CLANG_WARN_BOOL_CONVERSION = YES;
				CLANG_WARN_COMMA = YES;
				CLANG_WARN_CONSTANT_CONVERSION = YES;
				CLANG_WARN_DEPRECATED_OBJC_IMPLEMENTATIONS = YES;
				CLANG_WARN_DIRECT_OBJC_ISA_USAGE = YES_ERROR;
				CLANG_WARN_DOCUMENTATION_COMMENTS = YES;
				CLANG_WARN_EMPTY_BODY = YES;
				CLANG_WARN_ENUM_CONVERSION = YES;
				CLANG_WARN_INFINITE_RECURSION = YES;
				CLANG_WARN_INT_CONVERSION = YES;
				CLANG_WARN_NON_LITERAL_NULL_CONVERSION = YES;
				CLANG_WARN_OBJC_IMPLICIT_RETAIN_SELF = YES;
				CLANG_WARN_OBJC_LITERAL_CONVERSION = YES;
				CLANG_WARN_OBJC_ROOT_CLASS = YES_ERROR;
				CLANG_WARN_RANGE_LOOP_ANALYSIS = YES;
				CLANG_WARN_STRICT_PROTOTYPES = YES;
				CLANG_WARN_SUSPICIOUS_MOVE = YES;
				CLANG_WARN_UNGUARDED_AVAILABILITY = YES_AGGRESSIVE;
				CLANG_WARN_UNREACHABLE_CODE = YES;
				CLANG_WARN__DUPLICATE_METHOD_MATCH = YES;
				CODE_SIGN_IDENTITY = "iPhone Developer";
				COPY_PHASE_STRIP = NO;
				DEBUG_INFORMATION_FORMAT = dwarf;
				ENABLE_STRICT_OBJC_MSGSEND = YES;
				ENABLE_TESTABILITY = YES;
				GCC_C_LANGUAGE_STANDARD = gnu11;
				GCC_DYNAMIC_NO_PIC = NO;
				GCC_NO_COMMON_BLOCKS = YES;
				GCC_OPTIMIZATION_LEVEL = 0;
				GCC_PREPROCESSOR_DEFINITIONS = (
					"DEBUG=1",
					"$(inherited)",
				);
				GCC_WARN_64_TO_32_BIT_CONVERSION = YES;
				GCC_WARN_ABOUT_RETURN_TYPE = YES_ERROR;
				GCC_WARN_UNDECLARED_SELECTOR = YES;
				GCC_WARN_UNINITIALIZED_AUTOS = YES_AGGRESSIVE;
				GCC_WARN_UNUSED_FUNCTION = YES;
				GCC_WARN_UNUSED_VARIABLE = YES;
				IPHONEOS_DEPLOYMENT_TARGET = 11.4;
				MTL_ENABLE_DEBUG_INFO = YES;
				ONLY_ACTIVE_ARCH = YES;
				SDKROOT = iphoneos;
				SWIFT_ACTIVE_COMPILATION_CONDITIONS = DEBUG;
				SWIFT_OPTIMIZATION_LEVEL = "-Onone";
			};
			name = Debug;
		};
		6B0A2C85211A20110047A450 /* Release */ = {
			isa = XCBuildConfiguration;
			buildSettings = {
				ALWAYS_SEARCH_USER_PATHS = NO;
				CLANG_ANALYZER_NONNULL = YES;
				CLANG_ANALYZER_NUMBER_OBJECT_CONVERSION = YES_AGGRESSIVE;
				CLANG_CXX_LANGUAGE_STANDARD = "gnu++14";
				CLANG_CXX_LIBRARY = "libc++";
				CLANG_ENABLE_MODULES = YES;
				CLANG_ENABLE_OBJC_ARC = YES;
				CLANG_ENABLE_OBJC_WEAK = YES;
				CLANG_WARN_BLOCK_CAPTURE_AUTORELEASING = YES;
				CLANG_WARN_BOOL_CONVERSION = YES;
				CLANG_WARN_COMMA = YES;
				CLANG_WARN_CONSTANT_CONVERSION = YES;
				CLANG_WARN_DEPRECATED_OBJC_IMPLEMENTATIONS = YES;
				CLANG_WARN_DIRECT_OBJC_ISA_USAGE = YES_ERROR;
				CLANG_WARN_DOCUMENTATION_COMMENTS = YES;
				CLANG_WARN_EMPTY_BODY = YES;
				CLANG_WARN_ENUM_CONVERSION = YES;
				CLANG_WARN_INFINITE_RECURSION = YES;
				CLANG_WARN_INT_CONVERSION = YES;
				CLANG_WARN_NON_LITERAL_NULL_CONVERSION = YES;
				CLANG_WARN_OBJC_IMPLICIT_RETAIN_SELF = YES;
				CLANG_WARN_OBJC_LITERAL_CONVERSION = YES;
				CLANG_WARN_OBJC_ROOT_CLASS = YES_ERROR;
				CLANG_WARN_RANGE_LOOP_ANALYSIS = YES;
				CLANG_WARN_STRICT_PROTOTYPES = YES;
				CLANG_WARN_SUSPICIOUS_MOVE = YES;
				CLANG_WARN_UNGUARDED_AVAILABILITY = YES_AGGRESSIVE;
				CLANG_WARN_UNREACHABLE_CODE = YES;
				CLANG_WARN__DUPLICATE_METHOD_MATCH = YES;
				CODE_SIGN_IDENTITY = "iPhone Developer";
				COPY_PHASE_STRIP = NO;
				DEBUG_INFORMATION_FORMAT = "dwarf-with-dsym";
				ENABLE_NS_ASSERTIONS = NO;
				ENABLE_STRICT_OBJC_MSGSEND = YES;
				GCC_C_LANGUAGE_STANDARD = gnu11;
				GCC_NO_COMMON_BLOCKS = YES;
				GCC_WARN_64_TO_32_BIT_CONVERSION = YES;
				GCC_WARN_ABOUT_RETURN_TYPE = YES_ERROR;
				GCC_WARN_UNDECLARED_SELECTOR = YES;
				GCC_WARN_UNINITIALIZED_AUTOS = YES_AGGRESSIVE;
				GCC_WARN_UNUSED_FUNCTION = YES;
				GCC_WARN_UNUSED_VARIABLE = YES;
				IPHONEOS_DEPLOYMENT_TARGET = 11.4;
				MTL_ENABLE_DEBUG_INFO = NO;
				SDKROOT = iphoneos;
				SWIFT_COMPILATION_MODE = wholemodule;
				SWIFT_OPTIMIZATION_LEVEL = "-O";
				VALIDATE_PRODUCT = YES;
			};
			name = Release;
		};
		6B0A2C87211A20110047A450 /* Debug */ = {
			isa = XCBuildConfiguration;
			baseConfigurationReference = 4CC73DA4DE40EEAECAC5DCEF /* Pods-PokerPlanning.debug.xcconfig */;
			buildSettings = {
				ASSETCATALOG_COMPILER_APPICON_NAME = AppIcon;
				CODE_SIGN_ENTITLEMENTS = PokerPlanning/PokerPlanning.entitlements;
				CODE_SIGN_STYLE = Automatic;
				CURRENT_PROJECT_VERSION = 4;
				DEVELOPMENT_TEAM = 68SZERZ856;
				INFOPLIST_FILE = PokerPlanning/Info.plist;
				IPHONEOS_DEPLOYMENT_TARGET = 11.0;
				LD_RUNPATH_SEARCH_PATHS = (
					"$(inherited)",
					"@executable_path/Frameworks",
				);
				PRODUCT_BUNDLE_IDENTIFIER = "com.alinekborges.poker-planning";
				PRODUCT_NAME = "$(TARGET_NAME)";
				SWIFT_VERSION = 4.2;
				TARGETED_DEVICE_FAMILY = "1,2";
				VERSIONING_SYSTEM = "apple-generic";
			};
			name = Debug;
		};
		6B0A2C88211A20110047A450 /* Release */ = {
			isa = XCBuildConfiguration;
			baseConfigurationReference = B3BBB82BC6ABEE0BE030FDE6 /* Pods-PokerPlanning.release.xcconfig */;
			buildSettings = {
				ASSETCATALOG_COMPILER_APPICON_NAME = AppIcon;
				CODE_SIGN_ENTITLEMENTS = PokerPlanning/PokerPlanning.entitlements;
				CODE_SIGN_STYLE = Automatic;
				CURRENT_PROJECT_VERSION = 4;
				DEVELOPMENT_TEAM = 68SZERZ856;
				INFOPLIST_FILE = PokerPlanning/Info.plist;
				IPHONEOS_DEPLOYMENT_TARGET = 11.0;
				LD_RUNPATH_SEARCH_PATHS = (
					"$(inherited)",
					"@executable_path/Frameworks",
				);
				PRODUCT_BUNDLE_IDENTIFIER = "com.alinekborges.poker-planning";
				PRODUCT_NAME = "$(TARGET_NAME)";
				SWIFT_VERSION = 4.2;
				TARGETED_DEVICE_FAMILY = "1,2";
				VERSIONING_SYSTEM = "apple-generic";
			};
			name = Release;
		};
		6B0A2C8A211A20110047A450 /* Debug */ = {
			isa = XCBuildConfiguration;
			buildSettings = {
				ALWAYS_EMBED_SWIFT_STANDARD_LIBRARIES = YES;
				BUNDLE_LOADER = "$(TEST_HOST)";
				CODE_SIGN_STYLE = Automatic;
				DEVELOPMENT_TEAM = YNXZ52FJT8;
				INFOPLIST_FILE = PokerPlanningTests/Info.plist;
				LD_RUNPATH_SEARCH_PATHS = (
					"$(inherited)",
					"@executable_path/Frameworks",
					"@loader_path/Frameworks",
				);
				PRODUCT_BUNDLE_IDENTIFIER = com.alinekborges.PokerPlanningTests;
				PRODUCT_NAME = "$(TARGET_NAME)";
				SWIFT_VERSION = 4.2;
				TARGETED_DEVICE_FAMILY = "1,2";
				TEST_HOST = "$(BUILT_PRODUCTS_DIR)/PokerPlanning.app/PokerPlanning";
			};
			name = Debug;
		};
		6B0A2C8B211A20110047A450 /* Release */ = {
			isa = XCBuildConfiguration;
			buildSettings = {
				ALWAYS_EMBED_SWIFT_STANDARD_LIBRARIES = YES;
				BUNDLE_LOADER = "$(TEST_HOST)";
				CODE_SIGN_STYLE = Automatic;
				DEVELOPMENT_TEAM = YNXZ52FJT8;
				INFOPLIST_FILE = PokerPlanningTests/Info.plist;
				LD_RUNPATH_SEARCH_PATHS = (
					"$(inherited)",
					"@executable_path/Frameworks",
					"@loader_path/Frameworks",
				);
				PRODUCT_BUNDLE_IDENTIFIER = com.alinekborges.PokerPlanningTests;
				PRODUCT_NAME = "$(TARGET_NAME)";
				SWIFT_VERSION = 4.2;
				TARGETED_DEVICE_FAMILY = "1,2";
				TEST_HOST = "$(BUILT_PRODUCTS_DIR)/PokerPlanning.app/PokerPlanning";
			};
			name = Release;
		};
		6B0A2C8D211A20110047A450 /* Debug */ = {
			isa = XCBuildConfiguration;
			buildSettings = {
				ALWAYS_EMBED_SWIFT_STANDARD_LIBRARIES = YES;
				CODE_SIGN_STYLE = Automatic;
				DEVELOPMENT_TEAM = YNXZ52FJT8;
				INFOPLIST_FILE = PokerPlanningUITests/Info.plist;
				LD_RUNPATH_SEARCH_PATHS = (
					"$(inherited)",
					"@executable_path/Frameworks",
					"@loader_path/Frameworks",
				);
				PRODUCT_BUNDLE_IDENTIFIER = com.alinekborges.PokerPlanningUITests;
				PRODUCT_NAME = "$(TARGET_NAME)";
				SWIFT_VERSION = 4.2;
				TARGETED_DEVICE_FAMILY = "1,2";
				TEST_TARGET_NAME = PokerPlanning;
			};
			name = Debug;
		};
		6B0A2C8E211A20110047A450 /* Release */ = {
			isa = XCBuildConfiguration;
			buildSettings = {
				ALWAYS_EMBED_SWIFT_STANDARD_LIBRARIES = YES;
				CODE_SIGN_STYLE = Automatic;
				DEVELOPMENT_TEAM = YNXZ52FJT8;
				INFOPLIST_FILE = PokerPlanningUITests/Info.plist;
				LD_RUNPATH_SEARCH_PATHS = (
					"$(inherited)",
					"@executable_path/Frameworks",
					"@loader_path/Frameworks",
				);
				PRODUCT_BUNDLE_IDENTIFIER = com.alinekborges.PokerPlanningUITests;
				PRODUCT_NAME = "$(TARGET_NAME)";
				SWIFT_VERSION = 4.2;
				TARGETED_DEVICE_FAMILY = "1,2";
				TEST_TARGET_NAME = PokerPlanning;
			};
			name = Release;
		};
/* End XCBuildConfiguration section */

/* Begin XCConfigurationList section */
		6B0A2C59211A20090047A450 /* Build configuration list for PBXProject "PokerPlanning" */ = {
			isa = XCConfigurationList;
			buildConfigurations = (
				6B0A2C84211A20110047A450 /* Debug */,
				6B0A2C85211A20110047A450 /* Release */,
			);
			defaultConfigurationIsVisible = 0;
			defaultConfigurationName = Release;
		};
		6B0A2C86211A20110047A450 /* Build configuration list for PBXNativeTarget "PokerPlanning" */ = {
			isa = XCConfigurationList;
			buildConfigurations = (
				6B0A2C87211A20110047A450 /* Debug */,
				6B0A2C88211A20110047A450 /* Release */,
			);
			defaultConfigurationIsVisible = 0;
			defaultConfigurationName = Release;
		};
		6B0A2C89211A20110047A450 /* Build configuration list for PBXNativeTarget "PokerPlanningTests" */ = {
			isa = XCConfigurationList;
			buildConfigurations = (
				6B0A2C8A211A20110047A450 /* Debug */,
				6B0A2C8B211A20110047A450 /* Release */,
			);
			defaultConfigurationIsVisible = 0;
			defaultConfigurationName = Release;
		};
		6B0A2C8C211A20110047A450 /* Build configuration list for PBXNativeTarget "PokerPlanningUITests" */ = {
			isa = XCConfigurationList;
			buildConfigurations = (
				6B0A2C8D211A20110047A450 /* Debug */,
				6B0A2C8E211A20110047A450 /* Release */,
			);
			defaultConfigurationIsVisible = 0;
			defaultConfigurationName = Release;
		};
/* End XCConfigurationList section */
	};
	rootObject = 6B0A2C56211A20090047A450 /* Project object */;
}
